Microsoft Visual Studio Solution File, Format Version 12.00
# Visual Studio Version 17
VisualStudioVersion = 17.5.2.0
MinimumVisualStudioVersion = 10.0.40219.1
Project("{9A19103F-16F7-4668-BE54-9A1E7A4F7556}") = "GGStat-Backend.ParsingDataService", "src\GGStat-Backend.ParsingDataService\GGStat-Backend.ParsingDataService.csproj", "{1BD2BDA1-DC0D-4159-A71A-ECA4DB137A3A}"
EndProject
Project("{9A19103F-16F7-4668-BE54-9A1E7A4F7556}") = "GGStat-Backend.Web-Api", "src\GGStat-Web-Api\GGStat-Backend.Web-Api.csproj", "{17899F3B-8447-4B08-A86D-DB2AB69D12E1}"
EndProject
Project("{E53339B2-1760-4266-BCC7-CA923CBCF16C}") = "docker-compose", "docker-compose.dcproj", "{6D21788F-4AEA-4547-8CBE-64874C7F326E}"
EndProject
Project("{9A19103F-16F7-4668-BE54-9A1E7A4F7556}") = "GGStat-Backend.ImporterService", "src\GGStat-Backend.ImporterService\GGStat-Backend.ImporterService.csproj", "{77CF7840-6B2F-402C-B230-7232F04D5A54}"
EndProject
Project("{FAE04EC0-301F-11D3-BF4B-00C04F79EFBC}") = "GGStat-Backend.Data", "GGStat-Backend.Data\GGStat-Backend.Data.csproj", "{0C08EEAE-F400-478B-925E-50BCA39700DB}"
EndProject
Project("{FAE04EC0-301F-11D3-BF4B-00C04F79EFBC}") = "GGStat-Backend.Infrastructure", "GGStat-Backend.Infrastructure\GGStat-Backend.Infrastructure.csproj", "{0D477DFA-EE23-45A6-ACC0-C97DCCFBB447}"
EndProject
Global
	GlobalSection(SolutionConfigurationPlatforms) = preSolution
		Debug|Any CPU = Debug|Any CPU
		Release|Any CPU = Release|Any CPU
	EndGlobalSection
	GlobalSection(ProjectConfigurationPlatforms) = postSolution
		{1BD2BDA1-DC0D-4159-A71A-ECA4DB137A3A}.Debug|Any CPU.ActiveCfg = Debug|Any CPU
		{1BD2BDA1-DC0D-4159-A71A-ECA4DB137A3A}.Debug|Any CPU.Build.0 = Debug|Any CPU
		{1BD2BDA1-DC0D-4159-A71A-ECA4DB137A3A}.Release|Any CPU.ActiveCfg = Release|Any CPU
		{1BD2BDA1-DC0D-4159-A71A-ECA4DB137A3A}.Release|Any CPU.Build.0 = Release|Any CPU
		{17899F3B-8447-4B08-A86D-DB2AB69D12E1}.Debug|Any CPU.ActiveCfg = Release|Any CPU
		{17899F3B-8447-4B08-A86D-DB2AB69D12E1}.Debug|Any CPU.Build.0 = Release|Any CPU
		{17899F3B-8447-4B08-A86D-DB2AB69D12E1}.Release|Any CPU.ActiveCfg = Release|Any CPU
		{17899F3B-8447-4B08-A86D-DB2AB69D12E1}.Release|Any CPU.Build.0 = Release|Any CPU
		{6D21788F-4AEA-4547-8CBE-64874C7F326E}.Debug|Any CPU.ActiveCfg = Debug|Any CPU
		{6D21788F-4AEA-4547-8CBE-64874C7F326E}.Debug|Any CPU.Build.0 = Debug|Any CPU
		{6D21788F-4AEA-4547-8CBE-64874C7F326E}.Release|Any CPU.ActiveCfg = Release|Any CPU
		{6D21788F-4AEA-4547-8CBE-64874C7F326E}.Release|Any CPU.Build.0 = Release|Any CPU
		{77CF7840-6B2F-402C-B230-7232F04D5A54}.Debug|Any CPU.ActiveCfg = Debug|Any CPU
		{77CF7840-6B2F-402C-B230-7232F04D5A54}.Debug|Any CPU.Build.0 = Debug|Any CPU
		{77CF7840-6B2F-402C-B230-7232F04D5A54}.Release|Any CPU.ActiveCfg = Release|Any CPU
		{77CF7840-6B2F-402C-B230-7232F04D5A54}.Release|Any CPU.Build.0 = Release|Any CPU
		{0C08EEAE-F400-478B-925E-50BCA39700DB}.Debug|Any CPU.ActiveCfg = Debug|Any CPU
		{0C08EEAE-F400-478B-925E-50BCA39700DB}.Debug|Any CPU.Build.0 = Debug|Any CPU
		{0C08EEAE-F400-478B-925E-50BCA39700DB}.Release|Any CPU.ActiveCfg = Release|Any CPU
		{0C08EEAE-F400-478B-925E-50BCA39700DB}.Release|Any CPU.Build.0 = Release|Any CPU
		{0D477DFA-EE23-45A6-ACC0-C97DCCFBB447}.Debug|Any CPU.ActiveCfg = Debug|Any CPU
		{0D477DFA-EE23-45A6-ACC0-C97DCCFBB447}.Debug|Any CPU.Build.0 = Debug|Any CPU
		{0D477DFA-EE23-45A6-ACC0-C97DCCFBB447}.Release|Any CPU.ActiveCfg = Release|Any CPU
		{0D477DFA-EE23-45A6-ACC0-C97DCCFBB447}.Release|Any CPU.Build.0 = Release|Any CPU
	EndGlobalSection
	GlobalSection(SolutionProperties) = preSolution
		HideSolutionNode = FALSE
	EndGlobalSection
	GlobalSection(ExtensibilityGlobals) = postSolution
		SolutionGuid = {B2BA896E-E15E-4CF5-9F35-EF90AF5B308D}
	EndGlobalSection
EndGlobal
